// !$*UTF8*$!
{
	archiveVersion = 1;
	classes = {
	};
	objectVersion = 56;
	objects = {

/* Begin PBXBuildFile section */
		631707D828EB147500138E42 /* AppDelegate.swift in Sources */ = {isa = PBXBuildFile; fileRef = 631707D728EB147500138E42 /* AppDelegate.swift */; };
		631707DA28EB147500138E42 /* SceneDelegate.swift in Sources */ = {isa = PBXBuildFile; fileRef = 631707D928EB147500138E42 /* SceneDelegate.swift */; };
		631707DC28EB147500138E42 /* ViewController.swift in Sources */ = {isa = PBXBuildFile; fileRef = 631707DB28EB147500138E42 /* ViewController.swift */; };
		631707DF28EB147500138E42 /* Main.storyboard in Resources */ = {isa = PBXBuildFile; fileRef = 631707DD28EB147500138E42 /* Main.storyboard */; };
		631707E128EB147700138E42 /* Assets.xcassets in Resources */ = {isa = PBXBuildFile; fileRef = 631707E028EB147700138E42 /* Assets.xcassets */; };
		631707E428EB147700138E42 /* LaunchScreen.storyboard in Resources */ = {isa = PBXBuildFile; fileRef = 631707E228EB147700138E42 /* LaunchScreen.storyboard */; };
		63833FC0292002920077964D /* TitleView.swift in Sources */ = {isa = PBXBuildFile; fileRef = 63833FBF292002920077964D /* TitleView.swift */; };
		63833FC32920033F0077964D /* Constants.swift in Sources */ = {isa = PBXBuildFile; fileRef = 63833FC22920033F0077964D /* Constants.swift */; };
		63833FC6292004630077964D /* Constraints.swift in Sources */ = {isa = PBXBuildFile; fileRef = 63833FC5292004630077964D /* Constraints.swift */; };
		63833FC92920165A0077964D /* ReposTableViewCell.swift in Sources */ = {isa = PBXBuildFile; fileRef = 63833FC82920165A0077964D /* ReposTableViewCell.swift */; };
		63833FCC2920171C0077964D /* GradientView.swift in Sources */ = {isa = PBXBuildFile; fileRef = 63833FCB2920171C0077964D /* GradientView.swift */; };
		63833FCE292018780077964D /* PaddingLabel.swift in Sources */ = {isa = PBXBuildFile; fileRef = 63833FCD292018780077964D /* PaddingLabel.swift */; };
		63833FD029201A000077964D /* WebImageView.swift in Sources */ = {isa = PBXBuildFile; fileRef = 63833FCF29201A000077964D /* WebImageView.swift */; };
		63833FD3292132D40077964D /* ViewModel.swift in Sources */ = {isa = PBXBuildFile; fileRef = 63833FD2292132D40077964D /* ViewModel.swift */; };
		63833FD5292133050077964D /* TableViewCellViewModel.swift in Sources */ = {isa = PBXBuildFile; fileRef = 63833FD4292133050077964D /* TableViewCellViewModel.swift */; };
		63833FD9292134AA0077964D /* RepoDetailsViewController.swift in Sources */ = {isa = PBXBuildFile; fileRef = 63833FD8292134AA0077964D /* RepoDetailsViewController.swift */; };
		63833FDC2921351E0077964D /* RepositoryOwner.swift in Sources */ = {isa = PBXBuildFile; fileRef = 63833FDB2921351E0077964D /* RepositoryOwner.swift */; };
		63833FDE2921354A0077964D /* Repository.swift in Sources */ = {isa = PBXBuildFile; fileRef = 63833FDD2921354A0077964D /* Repository.swift */; };
		63833FE02921357A0077964D /* RepoCellSizes.swift in Sources */ = {isa = PBXBuildFile; fileRef = 63833FDF2921357A0077964D /* RepoCellSizes.swift */; };
		63833FE2292135BA0077964D /* RepoCellLayoutCalculator.swift in Sources */ = {isa = PBXBuildFile; fileRef = 63833FE1292135BA0077964D /* RepoCellLayoutCalculator.swift */; };
		63833FE4292136500077964D /* NetworkingHelpers.swift in Sources */ = {isa = PBXBuildFile; fileRef = 63833FE3292136500077964D /* NetworkingHelpers.swift */; };
		63833FE62921367B0077964D /* UIHelpers.swift in Sources */ = {isa = PBXBuildFile; fileRef = 63833FE52921367B0077964D /* UIHelpers.swift */; };
		63834024293563BE0077964D /* TaskDescription.swift in Sources */ = {isa = PBXBuildFile; fileRef = 63834023293563BE0077964D /* TaskDescription.swift */; };
/* End PBXBuildFile section */

/* Begin PBXFileReference section */
		631707D428EB147500138E42 /* MyGitHubAPI.app */ = {isa = PBXFileReference; explicitFileType = wrapper.application; includeInIndex = 0; path = MyGitHubAPI.app; sourceTree = BUILT_PRODUCTS_DIR; };
		631707D728EB147500138E42 /* AppDelegate.swift */ = {isa = PBXFileReference; lastKnownFileType = sourcecode.swift; path = AppDelegate.swift; sourceTree = "<group>"; };
		631707D928EB147500138E42 /* SceneDelegate.swift */ = {isa = PBXFileReference; lastKnownFileType = sourcecode.swift; path = SceneDelegate.swift; sourceTree = "<group>"; };
		631707DB28EB147500138E42 /* ViewController.swift */ = {isa = PBXFileReference; lastKnownFileType = sourcecode.swift; path = ViewController.swift; sourceTree = "<group>"; };
		631707DE28EB147500138E42 /* Base */ = {isa = PBXFileReference; lastKnownFileType = file.storyboard; name = Base; path = Base.lproj/Main.storyboard; sourceTree = "<group>"; };
		631707E028EB147700138E42 /* Assets.xcassets */ = {isa = PBXFileReference; lastKnownFileType = folder.assetcatalog; path = Assets.xcassets; sourceTree = "<group>"; };
		631707E328EB147700138E42 /* Base */ = {isa = PBXFileReference; lastKnownFileType = file.storyboard; name = Base; path = Base.lproj/LaunchScreen.storyboard; sourceTree = "<group>"; };
		631707E528EB147700138E42 /* Info.plist */ = {isa = PBXFileReference; lastKnownFileType = text.plist.xml; path = Info.plist; sourceTree = "<group>"; };
		63833FBF292002920077964D /* TitleView.swift */ = {isa = PBXFileReference; lastKnownFileType = sourcecode.swift; path = TitleView.swift; sourceTree = "<group>"; };
		63833FC22920033F0077964D /* Constants.swift */ = {isa = PBXFileReference; lastKnownFileType = sourcecode.swift; path = Constants.swift; sourceTree = "<group>"; };
		63833FC5292004630077964D /* Constraints.swift */ = {isa = PBXFileReference; lastKnownFileType = sourcecode.swift; path = Constraints.swift; sourceTree = "<group>"; };
		63833FC82920165A0077964D /* ReposTableViewCell.swift */ = {isa = PBXFileReference; lastKnownFileType = sourcecode.swift; path = ReposTableViewCell.swift; sourceTree = "<group>"; };
		63833FCB2920171C0077964D /* GradientView.swift */ = {isa = PBXFileReference; lastKnownFileType = sourcecode.swift; path = GradientView.swift; sourceTree = "<group>"; };
		63833FCD292018780077964D /* PaddingLabel.swift */ = {isa = PBXFileReference; lastKnownFileType = sourcecode.swift; path = PaddingLabel.swift; sourceTree = "<group>"; };
		63833FCF29201A000077964D /* WebImageView.swift */ = {isa = PBXFileReference; lastKnownFileType = sourcecode.swift; path = WebImageView.swift; sourceTree = "<group>"; };
		63833FD2292132D40077964D /* ViewModel.swift */ = {isa = PBXFileReference; lastKnownFileType = sourcecode.swift; path = ViewModel.swift; sourceTree = "<group>"; };
		63833FD4292133050077964D /* TableViewCellViewModel.swift */ = {isa = PBXFileReference; lastKnownFileType = sourcecode.swift; path = TableViewCellViewModel.swift; sourceTree = "<group>"; };
		63833FD8292134AA0077964D /* RepoDetailsViewController.swift */ = {isa = PBXFileReference; lastKnownFileType = sourcecode.swift; path = RepoDetailsViewController.swift; sourceTree = "<group>"; };
		63833FDB2921351E0077964D /* RepositoryOwner.swift */ = {isa = PBXFileReference; lastKnownFileType = sourcecode.swift; path = RepositoryOwner.swift; sourceTree = "<group>"; };
		63833FDD2921354A0077964D /* Repository.swift */ = {isa = PBXFileReference; lastKnownFileType = sourcecode.swift; path = Repository.swift; sourceTree = "<group>"; };
		63833FDF2921357A0077964D /* RepoCellSizes.swift */ = {isa = PBXFileReference; lastKnownFileType = sourcecode.swift; path = RepoCellSizes.swift; sourceTree = "<group>"; };
		63833FE1292135BA0077964D /* RepoCellLayoutCalculator.swift */ = {isa = PBXFileReference; lastKnownFileType = sourcecode.swift; path = RepoCellLayoutCalculator.swift; sourceTree = "<group>"; };
		63833FE3292136500077964D /* NetworkingHelpers.swift */ = {isa = PBXFileReference; lastKnownFileType = sourcecode.swift; path = NetworkingHelpers.swift; sourceTree = "<group>"; };
		63833FE52921367B0077964D /* UIHelpers.swift */ = {isa = PBXFileReference; lastKnownFileType = sourcecode.swift; path = UIHelpers.swift; sourceTree = "<group>"; };
		63834023293563BE0077964D /* TaskDescription.swift */ = {isa = PBXFileReference; lastKnownFileType = sourcecode.swift; path = TaskDescription.swift; sourceTree = "<group>"; };
/* End PBXFileReference section */

/* Begin PBXFrameworksBuildPhase section */
		631707D128EB147500138E42 /* Frameworks */ = {
			isa = PBXFrameworksBuildPhase;
			buildActionMask = 2147483647;
			files = (
			);
			runOnlyForDeploymentPostprocessing = 0;
		};
/* End PBXFrameworksBuildPhase section */

/* Begin PBXGroup section */
		631707CB28EB147500138E42 = {
			isa = PBXGroup;
			children = (
				631707D628EB147500138E42 /* MyGitHubAPI */,
				631707D528EB147500138E42 /* Products */,
			);
			sourceTree = "<group>";
		};
		631707D528EB147500138E42 /* Products */ = {
			isa = PBXGroup;
			children = (
				631707D428EB147500138E42 /* MyGitHubAPI.app */,
			);
			name = Products;
			sourceTree = "<group>";
		};
		631707D628EB147500138E42 /* MyGitHubAPI */ = {
			isa = PBXGroup;
			children = (
				63833FDA292134FC0077964D /* Model */,
				63833FD12921329F0077964D /* ViewModel */,
				63833FC72920163D0077964D /* View */,
				63833FC4292004430077964D /* Helpers */,
				63833FC1292002EF0077964D /* LayoutCalculations */,
				63833FBE2920025C0077964D /* CustomViews */,
				631707D728EB147500138E42 /* AppDelegate.swift */,
				631707D928EB147500138E42 /* SceneDelegate.swift */,
				631707E028EB147700138E42 /* Assets.xcassets */,
				633AA6BF291C450900DF597F /* Storyboards */,
				631707E528EB147700138E42 /* Info.plist */,
				63834023293563BE0077964D /* TaskDescription.swift */,
			);
			path = MyGitHubAPI;
			sourceTree = "<group>";
		};
		633AA6BF291C450900DF597F /* Storyboards */ = {
			isa = PBXGroup;
			children = (
				631707DD28EB147500138E42 /* Main.storyboard */,
				631707E228EB147700138E42 /* LaunchScreen.storyboard */,
			);
			path = Storyboards;
			sourceTree = "<group>";
		};
		63833FBE2920025C0077964D /* CustomViews */ = {
			isa = PBXGroup;
			children = (
				63833FBF292002920077964D /* TitleView.swift */,
				63833FCB2920171C0077964D /* GradientView.swift */,
				63833FCD292018780077964D /* PaddingLabel.swift */,
				63833FCF29201A000077964D /* WebImageView.swift */,
			);
			path = CustomViews;
			sourceTree = "<group>";
		};
		63833FC1292002EF0077964D /* LayoutCalculations */ = {
			isa = PBXGroup;
			children = (
				63833FC22920033F0077964D /* Constants.swift */,
				63833FE1292135BA0077964D /* RepoCellLayoutCalculator.swift */,
			);
			path = LayoutCalculations;
			sourceTree = "<group>";
		};
		63833FC4292004430077964D /* Helpers */ = {
			isa = PBXGroup;
			children = (
				63833FC5292004630077964D /* Constraints.swift */,
				63833FE3292136500077964D /* NetworkingHelpers.swift */,
				63833FE52921367B0077964D /* UIHelpers.swift */,
			);
			path = Helpers;
			sourceTree = "<group>";
		};
		63833FC72920163D0077964D /* View */ = {
			isa = PBXGroup;
			children = (
				63833FC82920165A0077964D /* ReposTableViewCell.swift */,
				631707DB28EB147500138E42 /* ViewController.swift */,
				63833FD8292134AA0077964D /* RepoDetailsViewController.swift */,
			);
			path = View;
			sourceTree = "<group>";
		};
		63833FD12921329F0077964D /* ViewModel */ = {
			isa = PBXGroup;
			children = (
				63833FD2292132D40077964D /* ViewModel.swift */,
				63833FD4292133050077964D /* TableViewCellViewModel.swift */,
			);
			path = ViewModel;
			sourceTree = "<group>";
		};
		63833FDA292134FC0077964D /* Model */ = {
			isa = PBXGroup;
			children = (
				63833FDB2921351E0077964D /* RepositoryOwner.swift */,
				63833FDD2921354A0077964D /* Repository.swift */,
				63833FDF2921357A0077964D /* RepoCellSizes.swift */,
			);
			path = Model;
			sourceTree = "<group>";
		};
/* End PBXGroup section */

/* Begin PBXNativeTarget section */
		631707D328EB147500138E42 /* MyGitHubAPI */ = {
			isa = PBXNativeTarget;
			buildConfigurationList = 631707E828EB147700138E42 /* Build configuration list for PBXNativeTarget "MyGitHubAPI" */;
			buildPhases = (
				631707D028EB147500138E42 /* Sources */,
				631707D128EB147500138E42 /* Frameworks */,
				631707D228EB147500138E42 /* Resources */,
			);
			buildRules = (
			);
			dependencies = (
			);
			name = MyGitHubAPI;
			productName = MyGitHubAPI;
			productReference = 631707D428EB147500138E42 /* MyGitHubAPI.app */;
			productType = "com.apple.product-type.application";
		};
/* End PBXNativeTarget section */

/* Begin PBXProject section */
		631707CC28EB147500138E42 /* Project object */ = {
			isa = PBXProject;
			attributes = {
				BuildIndependentTargetsInParallel = 1;
				LastSwiftUpdateCheck = 1400;
				LastUpgradeCheck = 1400;
				TargetAttributes = {
					631707D328EB147500138E42 = {
						CreatedOnToolsVersion = 14.0.1;
					};
				};
			};
			buildConfigurationList = 631707CF28EB147500138E42 /* Build configuration list for PBXProject "MyGitHubAPI" */;
			compatibilityVersion = "Xcode 14.0";
			developmentRegion = en;
			hasScannedForEncodings = 0;
			knownRegions = (
				en,
				Base,
			);
			mainGroup = 631707CB28EB147500138E42;
			productRefGroup = 631707D528EB147500138E42 /* Products */;
			projectDirPath = "";
			projectRoot = "";
			targets = (
				631707D328EB147500138E42 /* MyGitHubAPI */,
			);
		};
/* End PBXProject section */

/* Begin PBXResourcesBuildPhase section */
		631707D228EB147500138E42 /* Resources */ = {
			isa = PBXResourcesBuildPhase;
			buildActionMask = 2147483647;
			files = (
				631707E428EB147700138E42 /* LaunchScreen.storyboard in Resources */,
				631707E128EB147700138E42 /* Assets.xcassets in Resources */,
				631707DF28EB147500138E42 /* Main.storyboard in Resources */,
			);
			runOnlyForDeploymentPostprocessing = 0;
		};
/* End PBXResourcesBuildPhase section */

/* Begin PBXSourcesBuildPhase section */
		631707D028EB147500138E42 /* Sources */ = {
			isa = PBXSourcesBuildPhase;
			buildActionMask = 2147483647;
			files = (
				63833FC92920165A0077964D /* ReposTableViewCell.swift in Sources */,
				63833FC32920033F0077964D /* Constants.swift in Sources */,
				631707DC28EB147500138E42 /* ViewController.swift in Sources */,
				63833FDC2921351E0077964D /* RepositoryOwner.swift in Sources */,
				63833FD3292132D40077964D /* ViewModel.swift in Sources */,
				63833FD029201A000077964D /* WebImageView.swift in Sources */,
				631707D828EB147500138E42 /* AppDelegate.swift in Sources */,
				63834024293563BE0077964D /* TaskDescription.swift in Sources */,
				63833FD5292133050077964D /* TableViewCellViewModel.swift in Sources */,
				631707DA28EB147500138E42 /* SceneDelegate.swift in Sources */,
				63833FE4292136500077964D /* NetworkingHelpers.swift in Sources */,
				63833FE62921367B0077964D /* UIHelpers.swift in Sources */,
				63833FC6292004630077964D /* Constraints.swift in Sources */,
				63833FE2292135BA0077964D /* RepoCellLayoutCalculator.swift in Sources */,
				63833FDE2921354A0077964D /* Repository.swift in Sources */,
				63833FCE292018780077964D /* PaddingLabel.swift in Sources */,
				63833FE02921357A0077964D /* RepoCellSizes.swift in Sources */,
				63833FCC2920171C0077964D /* GradientView.swift in Sources */,
				63833FC0292002920077964D /* TitleView.swift in Sources */,
				63833FD9292134AA0077964D /* RepoDetailsViewController.swift in Sources */,
			);
			runOnlyForDeploymentPostprocessing = 0;
		};
/* End PBXSourcesBuildPhase section */

/* Begin PBXVariantGroup section */
		631707DD28EB147500138E42 /* Main.storyboard */ = {
			isa = PBXVariantGroup;
			children = (
				631707DE28EB147500138E42 /* Base */,
			);
			name = Main.storyboard;
			sourceTree = "<group>";
		};
		631707E228EB147700138E42 /* LaunchScreen.storyboard */ = {
			isa = PBXVariantGroup;
			children = (
				631707E328EB147700138E42 /* Base */,
			);
			name = LaunchScreen.storyboard;
			sourceTree = "<group>";
		};
/* End PBXVariantGroup section */

/* Begin XCBuildConfiguration section */
		631707E628EB147700138E42 /* Debug */ = {
			isa = XCBuildConfiguration;
			buildSettings = {
				ALWAYS_SEARCH_USER_PATHS = NO;
				CLANG_ANALYZER_NONNULL = YES;
				CLANG_ANALYZER_NUMBER_OBJECT_CONVERSION = YES_AGGRESSIVE;
				CLANG_CXX_LANGUAGE_STANDARD = "gnu++20";
				CLANG_ENABLE_MODULES = YES;
				CLANG_ENABLE_OBJC_ARC = YES;
				CLANG_ENABLE_OBJC_WEAK = YES;
				CLANG_WARN_BLOCK_CAPTURE_AUTORELEASING = YES;
				CLANG_WARN_BOOL_CONVERSION = YES;
				CLANG_WARN_COMMA = YES;
				CLANG_WARN_CONSTANT_CONVERSION = YES;
				CLANG_WARN_DEPRECATED_OBJC_IMPLEMENTATIONS = YES;
				CLANG_WARN_DIRECT_OBJC_ISA_USAGE = YES_ERROR;
				CLANG_WARN_DOCUMENTATION_COMMENTS = YES;
				CLANG_WARN_EMPTY_BODY = YES;
				CLANG_WARN_ENUM_CONVERSION = YES;
				CLANG_WARN_INFINITE_RECURSION = YES;
				CLANG_WARN_INT_CONVERSION = YES;
				CLANG_WARN_NON_LITERAL_NULL_CONVERSION = YES;
				CLANG_WARN_OBJC_IMPLICIT_RETAIN_SELF = YES;
				CLANG_WARN_OBJC_LITERAL_CONVERSION = YES;
				CLANG_WARN_OBJC_ROOT_CLASS = YES_ERROR;
				CLANG_WARN_QUOTED_INCLUDE_IN_FRAMEWORK_HEADER = YES;
				CLANG_WARN_RANGE_LOOP_ANALYSIS = YES;
				CLANG_WARN_STRICT_PROTOTYPES = YES;
				CLANG_WARN_SUSPICIOUS_MOVE = YES;
				CLANG_WARN_UNGUARDED_AVAILABILITY = YES_AGGRESSIVE;
				CLANG_WARN_UNREACHABLE_CODE = YES;
				CLANG_WARN__DUPLICATE_METHOD_MATCH = YES;
				COPY_PHASE_STRIP = NO;
				DEBUG_INFORMATION_FORMAT = dwarf;
				ENABLE_STRICT_OBJC_MSGSEND = YES;
				ENABLE_TESTABILITY = YES;
				GCC_C_LANGUAGE_STANDARD = gnu11;
				GCC_DYNAMIC_NO_PIC = NO;
				GCC_NO_COMMON_BLOCKS = YES;
				GCC_OPTIMIZATION_LEVEL = 0;
				GCC_PREPROCESSOR_DEFINITIONS = (
					"DEBUG=1",
					"$(inherited)",
				);
				GCC_WARN_64_TO_32_BIT_CONVERSION = YES;
				GCC_WARN_ABOUT_RETURN_TYPE = YES_ERROR;
				GCC_WARN_UNDECLARED_SELECTOR = YES;
				GCC_WARN_UNINITIALIZED_AUTOS = YES_AGGRESSIVE;
				GCC_WARN_UNUSED_FUNCTION = YES;
				GCC_WARN_UNUSED_VARIABLE = YES;
				IPHONEOS_DEPLOYMENT_TARGET = 16.0;
				MTL_ENABLE_DEBUG_INFO = INCLUDE_SOURCE;
				MTL_FAST_MATH = YES;
				ONLY_ACTIVE_ARCH = YES;
				SDKROOT = iphoneos;
				SWIFT_ACTIVE_COMPILATION_CONDITIONS = DEBUG;
				SWIFT_OPTIMIZATION_LEVEL = "-Onone";
			};
			name = Debug;
		};
		631707E728EB147700138E42 /* Release */ = {
			isa = XCBuildConfiguration;
			buildSettings = {
				ALWAYS_SEARCH_USER_PATHS = NO;
				CLANG_ANALYZER_NONNULL = YES;
				CLANG_ANALYZER_NUMBER_OBJECT_CONVERSION = YES_AGGRESSIVE;
				CLANG_CXX_LANGUAGE_STANDARD = "gnu++20";
				CLANG_ENABLE_MODULES = YES;
				CLANG_ENABLE_OBJC_ARC = YES;
				CLANG_ENABLE_OBJC_WEAK = YES;
				CLANG_WARN_BLOCK_CAPTURE_AUTORELEASING = YES;
				CLANG_WARN_BOOL_CONVERSION = YES;
				CLANG_WARN_COMMA = YES;
				CLANG_WARN_CONSTANT_CONVERSION = YES;
				CLANG_WARN_DEPRECATED_OBJC_IMPLEMENTATIONS = YES;
				CLANG_WARN_DIRECT_OBJC_ISA_USAGE = YES_ERROR;
				CLANG_WARN_DOCUMENTATION_COMMENTS = YES;
				CLANG_WARN_EMPTY_BODY = YES;
				CLANG_WARN_ENUM_CONVERSION = YES;
				CLANG_WARN_INFINITE_RECURSION = YES;
				CLANG_WARN_INT_CONVERSION = YES;
				CLANG_WARN_NON_LITERAL_NULL_CONVERSION = YES;
				CLANG_WARN_OBJC_IMPLICIT_RETAIN_SELF = YES;
				CLANG_WARN_OBJC_LITERAL_CONVERSION = YES;
				CLANG_WARN_OBJC_ROOT_CLASS = YES_ERROR;
				CLANG_WARN_QUOTED_INCLUDE_IN_FRAMEWORK_HEADER = YES;
				CLANG_WARN_RANGE_LOOP_ANALYSIS = YES;
				CLANG_WARN_STRICT_PROTOTYPES = YES;
				CLANG_WARN_SUSPICIOUS_MOVE = YES;
				CLANG_WARN_UNGUARDED_AVAILABILITY = YES_AGGRESSIVE;
				CLANG_WARN_UNREACHABLE_CODE = YES;
				CLANG_WARN__DUPLICATE_METHOD_MATCH = YES;
				COPY_PHASE_STRIP = NO;
				DEBUG_INFORMATION_FORMAT = "dwarf-with-dsym";
				ENABLE_NS_ASSERTIONS = NO;
				ENABLE_STRICT_OBJC_MSGSEND = YES;
				GCC_C_LANGUAGE_STANDARD = gnu11;
				GCC_NO_COMMON_BLOCKS = YES;
				GCC_WARN_64_TO_32_BIT_CONVERSION = YES;
				GCC_WARN_ABOUT_RETURN_TYPE = YES_ERROR;
				GCC_WARN_UNDECLARED_SELECTOR = YES;
				GCC_WARN_UNINITIALIZED_AUTOS = YES_AGGRESSIVE;
				GCC_WARN_UNUSED_FUNCTION = YES;
				GCC_WARN_UNUSED_VARIABLE = YES;
				IPHONEOS_DEPLOYMENT_TARGET = 16.0;
				MTL_ENABLE_DEBUG_INFO = NO;
				MTL_FAST_MATH = YES;
				SDKROOT = iphoneos;
				SWIFT_COMPILATION_MODE = wholemodule;
				SWIFT_OPTIMIZATION_LEVEL = "-O";
				VALIDATE_PRODUCT = YES;
			};
			name = Release;
		};
		631707E928EB147700138E42 /* Debug */ = {
			isa = XCBuildConfiguration;
			buildSettings = {
				ASSETCATALOG_COMPILER_APPICON_NAME = AppIcon;
				ASSETCATALOG_COMPILER_GLOBAL_ACCENT_COLOR_NAME = AccentColor;
				CODE_SIGN_STYLE = Automatic;
				CURRENT_PROJECT_VERSION = 1;
				DEVELOPMENT_TEAM = T74HR6T3C3;
				GENERATE_INFOPLIST_FILE = YES;
				INFOPLIST_FILE = MyGitHubAPI/Info.plist;
				INFOPLIST_KEY_UIApplicationSupportsIndirectInputEvents = YES;
				INFOPLIST_KEY_UILaunchStoryboardName = LaunchScreen;
				INFOPLIST_KEY_UIMainStoryboardFile = Main;
				INFOPLIST_KEY_UISupportedInterfaceOrientations_iPad = "UIInterfaceOrientationPortrait UIInterfaceOrientationPortraitUpsideDown UIInterfaceOrientationLandscapeLeft UIInterfaceOrientationLandscapeRight";
				INFOPLIST_KEY_UISupportedInterfaceOrientations_iPhone = "UIInterfaceOrientationPortrait UIInterfaceOrientationLandscapeLeft UIInterfaceOrientationLandscapeRight";
				LD_RUNPATH_SEARCH_PATHS = (
					"$(inherited)",
					"@executable_path/Frameworks",
				);
				MARKETING_VERSION = 1.0;
				PRODUCT_BUNDLE_IDENTIFIER = Anna.MyGitHubAPI;
				PRODUCT_NAME = "$(TARGET_NAME)";
				SWIFT_EMIT_LOC_STRINGS = YES;
				SWIFT_VERSION = 5.0;
				TARGETED_DEVICE_FAMILY = "1,2";
			};
			name = Debug;
		};
		631707EA28EB147700138E42 /* Release */ = {
			isa = XCBuildConfiguration;
			buildSettings = {
				ASSETCATALOG_COMPILER_APPICON_NAME = AppIcon;
				ASSETCATALOG_COMPILER_GLOBAL_ACCENT_COLOR_NAME = AccentColor;
				CODE_SIGN_STYLE = Automatic;
				CURRENT_PROJECT_VERSION = 1;
				DEVELOPMENT_TEAM = T74HR6T3C3;
				GENERATE_INFOPLIST_FILE = YES;
				INFOPLIST_FILE = MyGitHubAPI/Info.plist;
				INFOPLIST_KEY_UIApplicationSupportsIndirectInputEvents = YES;
				INFOPLIST_KEY_UILaunchStoryboardName = LaunchScreen;
				INFOPLIST_KEY_UIMainStoryboardFile = Main;
				INFOPLIST_KEY_UISupportedInterfaceOrientations_iPad = "UIInterfaceOrientationPortrait UIInterfaceOrientationPortraitUpsideDown UIInterfaceOrientationLandscapeLeft UIInterfaceOrientationLandscapeRight";
				INFOPLIST_KEY_UISupportedInterfaceOrientations_iPhone = "UIInterfaceOrientationPortrait UIInterfaceOrientationLandscapeLeft UIInterfaceOrientationLandscapeRight";
				LD_RUNPATH_SEARCH_PATHS = (
					"$(inherited)",
					"@executable_path/Frameworks",
				);
				MARKETING_VERSION = 1.0;
				PRODUCT_BUNDLE_IDENTIFIER = Anna.MyGitHubAPI;
				PRODUCT_NAME = "$(TARGET_NAME)";
				SWIFT_EMIT_LOC_STRINGS = YES;
				SWIFT_VERSION = 5.0;
				TARGETED_DEVICE_FAMILY = "1,2";
			};
			name = Release;
		};
/* End XCBuildConfiguration section */

/* Begin XCConfigurationList section */
		631707CF28EB147500138E42 /* Build configuration list for PBXProject "MyGitHubAPI" */ = {
			isa = XCConfigurationList;
			buildConfigurations = (
				631707E628EB147700138E42 /* Debug */,
				631707E728EB147700138E42 /* Release */,
			);
			defaultConfigurationIsVisible = 0;
			defaultConfigurationName = Release;
		};
		631707E828EB147700138E42 /* Build configuration list for PBXNativeTarget "MyGitHubAPI" */ = {
			isa = XCConfigurationList;
			buildConfigurations = (
				631707E928EB147700138E42 /* Debug */,
				631707EA28EB147700138E42 /* Release */,
			);
			defaultConfigurationIsVisible = 0;
			defaultConfigurationName = Release;
		};
/* End XCConfigurationList section */
	};
	rootObject = 631707CC28EB147500138E42 /* Project object */;
}
